lockfileVersion: '6.0'

settings:
  autoInstallPeers: true
  excludeLinksFromLockfile: false

dependencies:
  '@types/tampermonkey':
    specifier: ^4.0.10
    version: 4.0.10

packages:

  /@types/tampermonkey@4.0.10:
    resolution: {integrity: sha512-E3SYtXgeXG/nnq6uAPiZh7i0XA8jLbtiXraxxHTnsSjzQcQMxWBzbcoGkHgiC+zbHXxxkynUT9zt85SpF8loNw==}
    dev: false
